
Microsoft Visual Studio Solution File, Format Version 12.00
# Visual Studio 15
VisualStudioVersion = 15.0.28307.1022
MinimumVisualStudioVersion = 10.0.40219.1
Project("{FAE04EC0-301F-11D3-BF4B-00C04F79EFBC}") = "BusinessPromotionEngine", "BusinessPromotionEngine\BusinessPromotionEngine.csproj", "{71890357-F284-4252-952F-E6F3CA6FCFC4}"
EndProject
Project("{FAE04EC0-301F-11D3-BF4B-00C04F79EFBC}") = "BusinessPromotionEngine.Test", "BusinessPromotionEngine.Test\BusinessPromotionEngine.Test.csproj", "{F92136BE-D861-44F0-BDCC-0CA421C6D51B}"
EndProject
Global
	GlobalSection(SolutionConfigurationPlatforms) = preSolution
		Debug|Any CPU = Debug|Any CPU
		Release|Any CPU = Release|Any CPU
	EndGlobalSection
	GlobalSection(ProjectConfigurationPlatforms) = postSolution
		{71890357-F284-4252-952F-E6F3CA6FCFC4}.Debug|Any CPU.ActiveCfg = Debug|Any CPU
		{71890357-F284-4252-952F-E6F3CA6FCFC4}.Debug|Any CPU.Build.0 = Debug|Any CPU
		{71890357-F284-4252-952F-E6F3CA6FCFC4}.Release|Any CPU.ActiveCfg = Release|Any CPU
		{71890357-F284-4252-952F-E6F3CA6FCFC4}.Release|Any CPU.Build.0 = Release|Any CPU
		{F92136BE-D861-44F0-BDCC-0CA421C6D51B}.Debug|Any CPU.ActiveCfg = Debug|Any CPU
		{F92136BE-D861-44F0-BDCC-0CA421C6D51B}.Debug|Any CPU.Build.0 = Debug|Any CPU
		{F92136BE-D861-44F0-BDCC-0CA421C6D51B}.Release|Any CPU.ActiveCfg = Release|Any CPU
		{F92136BE-D861-44F0-BDCC-0CA421C6D51B}.Release|Any CPU.Build.0 = Release|Any CPU
	EndGlobalSection
	GlobalSection(SolutionProperties) = preSolution
		HideSolutionNode = FALSE
	EndGlobalSection
	GlobalSection(ExtensibilityGlobals) = postSolution
		SolutionGuid = {6F036B14-BF53-45A2-A1F5-A46E2BB2459C}
	EndGlobalSection
EndGlobal
